
Microsoft Visual Studio Solution File, Format Version 12.00
# Visual Studio Version 16
VisualStudioVersion = 16.0.30907.101
MinimumVisualStudioVersion = 10.0.40219.1
Project("{FAE04EC0-301F-11D3-BF4B-00C04F79EFBC}") = "NewsParser", "NewsParser.csproj", "{F35F944F-FE51-4C6E-B561-069DB5E3C638}"
EndProject
Global
	GlobalSection(SolutionConfigurationPlatforms) = preSolution
		Debug|Any CPU = Debug|Any CPU
		Release|Any CPU = Release|Any CPU
	EndGlobalSection
	GlobalSection(ProjectConfigurationPlatforms) = postSolution
		{F35F944F-FE51-4C6E-B561-069DB5E3C638}.Debug|Any CPU.ActiveCfg = Debug|Any CPU
		{F35F944F-FE51-4C6E-B561-069DB5E3C638}.Debug|Any CPU.Build.0 = Debug|Any CPU
		{F35F944F-FE51-4C6E-B561-069DB5E3C638}.Release|Any CPU.ActiveCfg = Release|Any CPU
		{F35F944F-FE51-4C6E-B561-069DB5E3C638}.Release|Any CPU.Build.0 = Release|Any CPU
	EndGlobalSection
	GlobalSection(SolutionProperties) = preSolution
		HideSolutionNode = FALSE
	EndGlobalSection
	GlobalSection(ExtensibilityGlobals) = postSolution
		SolutionGuid = {50B74C50-5020-461E-AF96-4F1A5D7370C7}
	EndGlobalSection
EndGlobal
